// !$*UTF8*$!
{
	archiveVersion = 1;
	classes = {
	};
	objectVersion = 46;
	objects = {

/* Begin PBXBuildFile section */
		4C6226011EB96E7B00EC3EE7 /* AppDelegate.swift in Sources */ = {isa = PBXBuildFile; fileRef = 4C6226001EB96E7B00EC3EE7 /* AppDelegate.swift */; };
		4C6226031EB96E7B00EC3EE7 /* ViewController.swift in Sources */ = {isa = PBXBuildFile; fileRef = 4C6226021EB96E7B00EC3EE7 /* ViewController.swift */; };
		4C6226061EB96E7B00EC3EE7 /* Main.storyboard in Resources */ = {isa = PBXBuildFile; fileRef = 4C6226041EB96E7B00EC3EE7 /* Main.storyboard */; };
		4C6226081EB96E7B00EC3EE7 /* Assets.xcassets in Resources */ = {isa = PBXBuildFile; fileRef = 4C6226071EB96E7B00EC3EE7 /* Assets.xcassets */; };
		4C62260B1EB96E7B00EC3EE7 /* LaunchScreen.storyboard in Resources */ = {isa = PBXBuildFile; fileRef = 4C6226091EB96E7B00EC3EE7 /* LaunchScreen.storyboard */; };
		4C6226131EB971C000EC3EE7 /* SegmentSelectView.swift in Sources */ = {isa = PBXBuildFile; fileRef = 4C6226121EB971C000EC3EE7 /* SegmentSelectView.swift */; };
/* End PBXBuildFile section */

/* Begin PBXFileReference section */
		4C6225FD1EB96E7B00EC3EE7 /* SegmentSwiftDemo.app */ = {isa = PBXFileReference; explicitFileType = wrapper.application; includeInIndex = 0; path = SegmentSwiftDemo.app; sourceTree = BUILT_PRODUCTS_DIR; };
		4C6226001EB96E7B00EC3EE7 /* AppDelegate.swift */ = {isa = PBXFileReference; lastKnownFileType = sourcecode.swift; path = AppDelegate.swift; sourceTree = "<group>"; };
		4C6226021EB96E7B00EC3EE7 /* ViewController.swift */ = {isa = PBXFileReference; lastKnownFileType = sourcecode.swift; path = ViewController.swift; sourceTree = "<group>"; };
		4C6226051EB96E7B00EC3EE7 /* Base */ = {isa = PBXFileReference; lastKnownFileType = file.storyboard; name = Base; path = Base.lproj/Main.storyboard; sourceTree = "<group>"; };
		4C6226071EB96E7B00EC3EE7 /* Assets.xcassets */ = {isa = PBXFileReference; lastKnownFileType = folder.assetcatalog; path = Assets.xcassets; sourceTree = "<group>"; };
		4C62260A1EB96E7B00EC3EE7 /* Base */ = {isa = PBXFileReference; lastKnownFileType = file.storyboard; name = Base; path = Base.lproj/LaunchScreen.storyboard; sourceTree = "<group>"; };
		4C62260C1EB96E7B00EC3EE7 /* Info.plist */ = {isa = PBXFileReference; lastKnownFileType = text.plist.xml; path = Info.plist; sourceTree = "<group>"; };
		4C6226121EB971C000EC3EE7 /* SegmentSelectView.swift */ = {isa = PBXFileReference; fileEncoding = 4; lastKnownFileType = sourcecode.swift; path = SegmentSelectView.swift; sourceTree = "<group>"; };
/* End PBXFileReference section */

/* Begin PBXFrameworksBuildPhase section */
		4C6225FA1EB96E7B00EC3EE7 /* Frameworks */ = {
			isa = PBXFrameworksBuildPhase;
			buildActionMask = 2147483647;
			files = (
			);
			runOnlyForDeploymentPostprocessing = 0;
		};
/* End PBXFrameworksBuildPhase section */

/* Begin PBXGroup section */
		4C6225F41EB96E7B00EC3EE7 = {
			isa = PBXGroup;
			children = (
				4C6225FF1EB96E7B00EC3EE7 /* SegmentSwiftDemo */,
				4C6225FE1EB96E7B00EC3EE7 /* Products */,
			);
			sourceTree = "<group>";
		};
		4C6225FE1EB96E7B00EC3EE7 /* Products */ = {
			isa = PBXGroup;
			children = (
				4C6225FD1EB96E7B00EC3EE7 /* SegmentSwiftDemo.app */,
			);
			name = Products;
			sourceTree = "<group>";
		};
		4C6225FF1EB96E7B00EC3EE7 /* SegmentSwiftDemo */ = {
			isa = PBXGroup;
			children = (
				4C6226001EB96E7B00EC3EE7 /* AppDelegate.swift */,
				4C6226121EB971C000EC3EE7 /* SegmentSelectView.swift */,
				4C6226021EB96E7B00EC3EE7 /* ViewController.swift */,
				4C6226041EB96E7B00EC3EE7 /* Main.storyboard */,
				4C6226071EB96E7B00EC3EE7 /* Assets.xcassets */,
				4C6226091EB96E7B00EC3EE7 /* LaunchScreen.storyboard */,
				4C62260C1EB96E7B00EC3EE7 /* Info.plist */,
			);
			path = SegmentSwiftDemo;
			sourceTree = "<group>";
		};
/* End PBXGroup section */

/* Begin PBXNativeTarget section */
		4C6225FC1EB96E7B00EC3EE7 /* SegmentSwiftDemo */ = {
			isa = PBXNativeTarget;
			buildConfigurationList = 4C62260F1EB96E7B00EC3EE7 /* Build configuration list for PBXNativeTarget "SegmentSwiftDemo" */;
			buildPhases = (
				4C6225F91EB96E7B00EC3EE7 /* Sources */,
				4C6225FA1EB96E7B00EC3EE7 /* Frameworks */,
				4C6225FB1EB96E7B00EC3EE7 /* Resources */,
			);
			buildRules = (
			);
			dependencies = (
			);
			name = SegmentSwiftDemo;
			productName = SegmentSwiftDemo;
			productReference = 4C6225FD1EB96E7B00EC3EE7 /* SegmentSwiftDemo.app */;
			productType = "com.apple.product-type.application";
		};
/* End PBXNativeTarget section */

/* Begin PBXProject section */
		4C6225F51EB96E7B00EC3EE7 /* Project object */ = {
			isa = PBXProject;
			attributes = {
				LastSwiftUpdateCheck = 0820;
				LastUpgradeCheck = 0820;
				ORGANIZATIONNAME = LiuZhiwei;
				TargetAttributes = {
					4C6225FC1EB96E7B00EC3EE7 = {
						CreatedOnToolsVersion = 8.2;
						DevelopmentTeam = 4FZEH78SM7;
						ProvisioningStyle = Manual;
					};
				};
			};
			buildConfigurationList = 4C6225F81EB96E7B00EC3EE7 /* Build configuration list for PBXProject "SegmentSwiftDemo" */;
			compatibilityVersion = "Xcode 3.2";
			developmentRegion = English;
			hasScannedForEncodings = 0;
			knownRegions = (
				en,
				Base,
			);
			mainGroup = 4C6225F41EB96E7B00EC3EE7;
			productRefGroup = 4C6225FE1EB96E7B00EC3EE7 /* Products */;
			projectDirPath = "";
			projectRoot = "";
			targets = (
				4C6225FC1EB96E7B00EC3EE7 /* SegmentSwiftDemo */,
			);
		};
/* End PBXProject section */

/* Begin PBXResourcesBuildPhase section */
		4C6225FB1EB96E7B00EC3EE7 /* Resources */ = {
			isa = PBXResourcesBuildPhase;
			buildActionMask = 2147483647;
			files = (
				4C62260B1EB96E7B00EC3EE7 /* LaunchScreen.storyboard in Resources */,
				4C6226081EB96E7B00EC3EE7 /* Assets.xcassets in Resources */,
				4C6226061EB96E7B00EC3EE7 /* Main.storyboard in Resources */,
			);
			runOnlyForDeploymentPostprocessing = 0;
		};
/* End PBXResourcesBuildPhase section */

/* Begin PBXSourcesBuildPhase section */
		4C6225F91EB96E7B00EC3EE7 /* Sources */ = {
			isa = PBXSourcesBuildPhase;
			buildActionMask = 2147483647;
			files = (
				4C6226031EB96E7B00EC3EE7 /* ViewController.swift in Sources */,
				4C6226011EB96E7B00EC3EE7 /* AppDelegate.swift in Sources */,
				4C6226131EB971C000EC3EE7 /* SegmentSelectView.swift in Sources */,
			);
			runOnlyForDeploymentPostprocessing = 0;
		};
/* End PBXSourcesBuildPhase section */

/* Begin PBXVariantGroup section */
		4C6226041EB96E7B00EC3EE7 /* Main.storyboard */ = {
			isa = PBXVariantGroup;
			children = (
				4C6226051EB96E7B00EC3EE7 /* Base */,
			);
			name = Main.storyboard;
			sourceTree = "<group>";
		};
		4C6226091EB96E7B00EC3EE7 /* LaunchScreen.storyboard */ = {
			isa = PBXVariantGroup;
			children = (
				4C62260A1EB96E7B00EC3EE7 /* Base */,
			);
			name = LaunchScreen.storyboard;
			sourceTree = "<group>";
		};
/* End PBXVariantGroup section */

/* Begin XCBuildConfiguration section */
		4C62260D1EB96E7B00EC3EE7 /* Debug */ = {
			isa = XCBuildConfiguration;
			buildSettings = {
				ALWAYS_SEARCH_USER_PATHS = NO;
				CLANG_ANALYZER_NONNULL = YES;
				CLANG_CXX_LANGUAGE_STANDARD = "gnu++0x";
				CLANG_CXX_LIBRARY = "libc++";
				CLANG_ENABLE_MODULES = YES;
				CLANG_ENABLE_OBJC_ARC = YES;
				CLANG_WARN_BOOL_CONVERSION = YES;
				CLANG_WARN_CONSTANT_CONVERSION = YES;
				CLANG_WARN_DIRECT_OBJC_ISA_USAGE = YES_ERROR;
				CLANG_WARN_DOCUMENTATION_COMMENTS = YES;
				CLANG_WARN_EMPTY_BODY = YES;
				CLANG_WARN_ENUM_CONVERSION = YES;
				CLANG_WARN_INFINITE_RECURSION = YES;
				CLANG_WARN_INT_CONVERSION = YES;
				CLANG_WARN_OBJC_ROOT_CLASS = YES_ERROR;
				CLANG_WARN_SUSPICIOUS_MOVE = YES;
				CLANG_WARN_UNREACHABLE_CODE = YES;
				CLANG_WARN__DUPLICATE_METHOD_MATCH = YES;
				"CODE_SIGN_IDENTITY[sdk=iphoneos*]" = "iPhone Developer";
				COPY_PHASE_STRIP = NO;
				DEBUG_INFORMATION_FORMAT = dwarf;
				ENABLE_STRICT_OBJC_MSGSEND = YES;
				ENABLE_TESTABILITY = YES;
				GCC_C_LANGUAGE_STANDARD = gnu99;
				GCC_DYNAMIC_NO_PIC = NO;
				GCC_NO_COMMON_BLOCKS = YES;
				GCC_OPTIMIZATION_LEVEL = 0;
				GCC_PREPROCESSOR_DEFINITIONS = (
					"DEBUG=1",
					"$(inherited)",
				);
				GCC_WARN_64_TO_32_BIT_CONVERSION = YES;
				GCC_WARN_ABOUT_RETURN_TYPE = YES_ERROR;
				GCC_WARN_UNDECLARED_SELECTOR = YES;
				GCC_WARN_UNINITIALIZED_AUTOS = YES_AGGRESSIVE;
				GCC_WARN_UNUSED_FUNCTION = YES;
				GCC_WARN_UNUSED_VARIABLE = YES;
				IPHONEOS_DEPLOYMENT_TARGET = 10.2;
				MTL_ENABLE_DEBUG_INFO = YES;
				ONLY_ACTIVE_ARCH = YES;
				SDKROOT = iphoneos;
				SWIFT_ACTIVE_COMPILATION_CONDITIONS = DEBUG;
				SWIFT_OPTIMIZATION_LEVEL = "-Onone";
				TARGETED_DEVICE_FAMILY = "1,2";
			};
			name = Debug;
		};
		4C62260E1EB96E7B00EC3EE7 /* Release */ = {
			isa = XCBuildConfiguration;
			buildSettings = {
				ALWAYS_SEARCH_USER_PATHS = NO;
				CLANG_ANALYZER_NONNULL = YES;
				CLANG_CXX_LANGUAGE_STANDARD = "gnu++0x";
				CLANG_CXX_LIBRARY = "libc++";
				CLANG_ENABLE_MODULES = YES;
				CLANG_ENABLE_OBJC_ARC = YES;
				CLANG_WARN_BOOL_CONVERSION = YES;
				CLANG_WARN_CONSTANT_CONVERSION = YES;
				CLANG_WARN_DIRECT_OBJC_ISA_USAGE = YES_ERROR;
				CLANG_WARN_DOCUMENTATION_COMMENTS = YES;
				CLANG_WARN_EMPTY_BODY = YES;
				CLANG_WARN_ENUM_CONVERSION = YES;
				CLANG_WARN_INFINITE_RECURSION = YES;
				CLANG_WARN_INT_CONVERSION = YES;
				CLANG_WARN_OBJC_ROOT_CLASS = YES_ERROR;
				CLANG_WARN_SUSPICIOUS_MOVE = YES;
				CLANG_WARN_UNREACHABLE_CODE = YES;
				CLANG_WARN__DUPLICATE_METHOD_MATCH = YES;
				"CODE_SIGN_IDENTITY[sdk=iphoneos*]" = "iPhone Developer";
				COPY_PHASE_STRIP = NO;
				DEBUG_INFORMATION_FORMAT = "dwarf-with-dsym";
				ENABLE_NS_ASSERTIONS = NO;
				ENABLE_STRICT_OBJC_MSGSEND = YES;
				GCC_C_LANGUAGE_STANDARD = gnu99;
				GCC_NO_COMMON_BLOCKS = YES;
				GCC_WARN_64_TO_32_BIT_CONVERSION = YES;
				GCC_WARN_ABOUT_RETURN_TYPE = YES_ERROR;
				GCC_WARN_UNDECLARED_SELECTOR = YES;
				GCC_WARN_UNINITIALIZED_AUTOS = YES_AGGRESSIVE;
				GCC_WARN_UNUSED_FUNCTION = YES;
				GCC_WARN_UNUSED_VARIABLE = YES;
				IPHONEOS_DEPLOYMENT_TARGET = 10.2;
				MTL_ENABLE_DEBUG_INFO = NO;
				SDKROOT = iphoneos;
				SWIFT_OPTIMIZATION_LEVEL = "-Owholemodule";
				TARGETED_DEVICE_FAMILY = "1,2";
				VALIDATE_PRODUCT = YES;
			};
			name = Release;
		};
		4C6226101EB96E7B00EC3EE7 /* Debug */ = {
			isa = XCBuildConfiguration;
			buildSettings = {
				ASSETCATALOG_COMPILER_APPICON_NAME = AppIcon;
				"CODE_SIGN_IDENTITY[sdk=iphoneos*]" = "iPhone Developer: Li Biao (G7VM55KCF3)";
				DEVELOPMENT_TEAM = 4FZEH78SM7;
				INFOPLIST_FILE = SegmentSwiftDemo/Info.plist;
				LD_RUNPATH_SEARCH_PATHS = "$(inherited) @executable_path/Frameworks";
				PRODUCT_BUNDLE_IDENTIFIER = ios.test.segment;
				PRODUCT_NAME = "$(TARGET_NAME)";
				PROVISIONING_PROFILE = "56993b80-d22e-4821-b6f6-641404407dac";
				PROVISIONING_PROFILE_SPECIFIER = mau_ios_test;
				SWIFT_VERSION = 3.0;
			};
			name = Debug;
		};
		4C6226111EB96E7B00EC3EE7 /* Release */ = {
			isa = XCBuildConfiguration;
			buildSettings = {
				ASSETCATALOG_COMPILER_APPICON_NAME = AppIcon;
				"CODE_SIGN_IDENTITY[sdk=iphoneos*]" = "iPhone Developer: Li Biao (G7VM55KCF3)";
				DEVELOPMENT_TEAM = 4FZEH78SM7;
				INFOPLIST_FILE = SegmentSwiftDemo/Info.plist;
				LD_RUNPATH_SEARCH_PATHS = "$(inherited) @executable_path/Frameworks";
				PRODUCT_BUNDLE_IDENTIFIER = ios.test.segment;
				PRODUCT_NAME = "$(TARGET_NAME)";
				PROVISIONING_PROFILE = "56993b80-d22e-4821-b6f6-641404407dac";
				PROVISIONING_PROFILE_SPECIFIER = mau_ios_test;
				SWIFT_VERSION = 3.0;
			};
			name = Release;
		};
/* End XCBuildConfiguration section */

/* Begin XCConfigurationList section */
		4C6225F81EB96E7B00EC3EE7 /* Build configuration list for PBXProject "SegmentSwiftDemo" */ = {
			isa = XCConfigurationList;
			buildConfigurations = (
				4C62260D1EB96E7B00EC3EE7 /* Debug */,
				4C62260E1EB96E7B00EC3EE7 /* Release */,
			);
			defaultConfigurationIsVisible = 0;
			defaultConfigurationName = Release;
		};
		4C62260F1EB96E7B00EC3EE7 /* Build configuration list for PBXNativeTarget "SegmentSwiftDemo" */ = {
			isa = XCConfigurationList;
			buildConfigurations = (
				4C6226101EB96E7B00EC3EE7 /* Debug */,
				4C6226111EB96E7B00EC3EE7 /* Release */,
			);
			defaultConfigurationIsVisible = 0;
		};
/* End XCConfigurationList section */
	};
	rootObject = 4C6225F51EB96E7B00EC3EE7 /* Project object */;
}
